dependencies:
- name: haproxy
  repository: https://haproxytech.github.io/helm-charts
  version: 1.21.0
- name: redis
  repository: https://charts.bitnami.com/bitnami
  version: 19.0.1
digest: sha256:32b9b496ccc021e54f6107b7f886a416bff126b642453485c6d89ff35bc8addc
generated: "2024-03-20T15:09:03.089006608Z"
