dependencies:
- name: haproxy
  repository: https://haproxytech.github.io/helm-charts
  version: 1.20.0
- name: redis
  repository: https://charts.bitnami.com/bitnami
  version: 18.8.3
digest: sha256:34ccf572dbb9fe285120e2e0619b1efc7e8f914dffa30dd02262cae4dbada829
generated: "2024-01-26T12:31:40.470256074Z"
